// !$*UTF8*$!
{
	archiveVersion = 1;
	classes = {
	};
	objectVersion = 52;
	objects = {

/* Begin PBXBuildFile section */
		224567A0295DD0E500983556 /* FirebaseFirestoreSwift in Frameworks */ = {isa = PBXBuildFile; productRef = 2245679F295DD0E500983556 /* FirebaseFirestoreSwift */; };
		22CEF895296312C3009AA1FC /* FirebaseFirestore in Frameworks */ = {isa = PBXBuildFile; productRef = 2245679D295DD0E500983556 /* FirebaseFirestore */; };
		22CEF898296313C7009AA1FC /* SwiftUIFlowLayout in Frameworks */ = {isa = PBXBuildFile; productRef = 22CEF897296313C7009AA1FC /* SwiftUIFlowLayout */; };
		22CEF89B29646E46009AA1FC /* GeoFire in Frameworks */ = {isa = PBXBuildFile; productRef = 22CEF89A29646E46009AA1FC /* GeoFire */; };
		22CEF89D29646E46009AA1FC /* GeoFireUtils in Frameworks */ = {isa = PBXBuildFile; productRef = 22CEF89C29646E46009AA1FC /* GeoFireUtils */; };
		22CEF8A029647E4B009AA1FC /* Logging in Frameworks */ = {isa = PBXBuildFile; productRef = 22CEF89F29647E4B009AA1FC /* Logging */; };
		537240A0D84AC1C40ADDEADA /* GoogleService-Info.plist in Resources */ = {isa = PBXBuildFile; fileRef = 5372475A04EF129A1D6AFA85 /* GoogleService-Info.plist */; };
		53724103513204CB73329F0F /* DetailRowView.swift in Sources */ = {isa = PBXBuildFile; fileRef = 53724A71D5FE66313A12895D /* DetailRowView.swift */; };
		53724126042CEB9E8796C2CE /* Preview Assets.xcassets in Resources */ = {isa = PBXBuildFile; fileRef = 53724505F1C17E04E86B6C53 /* Preview Assets.xcassets */; };
		537241304D335AACA6DBAA57 /* AddLocationDataViewModel.swift in Sources */ = {isa = PBXBuildFile; fileRef = 537240EA9CC5CB00200C055C /* AddLocationDataViewModel.swift */; };
		5372419021C027CFA3342A05 /* HeatmapViewModel.swift in Sources */ = {isa = PBXBuildFile; fileRef = 53724A10BC603E14CD270E8B /* HeatmapViewModel.swift */; };
		537246ADEF41AFD32A12D62D /* LocationDataForCreation.swift in Sources */ = {isa = PBXBuildFile; fileRef = 53724BDCC5919243C4C71467 /* LocationDataForCreation.swift */; };
		537249C9DCEF3547C15531BB /* Mappers.swift in Sources */ = {isa = PBXBuildFile; fileRef = 5372433EF5E18D5D7D9B1546 /* Mappers.swift */; };
		53724ACEA1B42A9C5CB851A5 /* Assets.xcassets in Resources */ = {isa = PBXBuildFile; fileRef = 53724ADC67D61BDC532C99B8 /* Assets.xcassets */; };
		53724BBAEE206B1304033FDB /* SoundRecorderView.swift in Sources */ = {isa = PBXBuildFile; fileRef = 53724F9997FFC96CACF2335E /* SoundRecorderView.swift */; };
		53724D6F484D8AC1C3549BC1 /* AddButtonView.swift in Sources */ = {isa = PBXBuildFile; fileRef = 53724A11844688FF11E72D9C /* AddButtonView.swift */; };
		53724E3913DFCC14E9C00383 /* waldlaeuferApp.swift in Sources */ = {isa = PBXBuildFile; fileRef = 5372478F2E1B4F09ECB5FEF6 /* waldlaeuferApp.swift */; };
		53724E69037D619D897D4E6B /* EditTagView.swift in Sources */ = {isa = PBXBuildFile; fileRef = 537241350211CEAB4FE7D6FC /* EditTagView.swift */; };
		53724F3FF3E966D864267F3A /* SoundbarView.swift in Sources */ = {isa = PBXBuildFile; fileRef = 537244102C95045C560B7687 /* SoundbarView.swift */; };
		53724F429537567924213471 /* HeatmapView.swift in Sources */ = {isa = PBXBuildFile; fileRef = 537240766F5C207C9E3A5177 /* HeatmapView.swift */; };
		56AF50455E13CC169DD84C71 /* LocationDataDetailView.swift in Sources */ = {isa = PBXBuildFile; fileRef = 56AF51DE9196091000651FFF /* LocationDataDetailView.swift */; };
		56AF54B8F02AB37F0D723F4D /* Tag.swift in Sources */ = {isa = PBXBuildFile; fileRef = 56AF5438E424A2AB8A1B60CB /* Tag.swift */; };
		56AF55A071AC6E136B647AD9 /* SoundRecorderViewModel.swift in Sources */ = {isa = PBXBuildFile; fileRef = 56AF559886930C9421FF4D21 /* SoundRecorderViewModel.swift */; };
		56AF5ABC738BDC4559D068D3 /* AddLocationDataView.swift in Sources */ = {isa = PBXBuildFile; fileRef = 56AF5E13653AD33E31807F7C /* AddLocationDataView.swift */; };
		56AF5B14EB05DFF8A01BC48B /* EditTagViewModel.swift in Sources */ = {isa = PBXBuildFile; fileRef = 56AF5627A13D0BA44C1BD3C7 /* EditTagViewModel.swift */; };
		56AF5C1DA0E10321132983B9 /* SubjectiveWellbeing.swift in Sources */ = {isa = PBXBuildFile; fileRef = 56AF5786B819CFE35EE01914 /* SubjectiveWellbeing.swift */; };
		56AF5EA614766B5BD0F89AD9 /* LocationData.swift in Sources */ = {isa = PBXBuildFile; fileRef = 56AF5043742A36F0859A3C10 /* LocationData.swift */; };
		56AF5FD06E3614098743BF83 /* LocationDataDetailViewModel.swift in Sources */ = {isa = PBXBuildFile; fileRef = 56AF50D85A277782BD4E8A7E /* LocationDataDetailViewModel.swift */; };
/* End PBXBuildFile section */

/* Begin PBXFileReference section */
		537240766F5C207C9E3A5177 /* HeatmapView.swift */ = {isa = PBXFileReference; fileEncoding = 4; lastKnownFileType = sourcecode.swift; path = HeatmapView.swift; sourceTree = "<group>"; };
		537240EA9CC5CB00200C055C /* AddLocationDataViewModel.swift */ = {isa = PBXFileReference; fileEncoding = 4; lastKnownFileType = sourcecode.swift; path = AddLocationDataViewModel.swift; sourceTree = "<group>"; };
		537241350211CEAB4FE7D6FC /* EditTagView.swift */ = {isa = PBXFileReference; fileEncoding = 4; lastKnownFileType = sourcecode.swift; path = EditTagView.swift; sourceTree = "<group>"; };
		537241E5024F2579561EC697 /* .gitignore */ = {isa = PBXFileReference; lastKnownFileType = file.gitignore; path = .gitignore; sourceTree = "<group>"; };
		5372433EF5E18D5D7D9B1546 /* Mappers.swift */ = {isa = PBXFileReference; fileEncoding = 4; lastKnownFileType = sourcecode.swift; path = Mappers.swift; sourceTree = "<group>"; };
		537244102C95045C560B7687 /* SoundbarView.swift */ = {isa = PBXFileReference; fileEncoding = 4; lastKnownFileType = sourcecode.swift; path = SoundbarView.swift; sourceTree = "<group>"; };
		53724505F1C17E04E86B6C53 /* Preview Assets.xcassets */ = {isa = PBXFileReference; lastKnownFileType = folder.assetcatalog; path = "Preview Assets.xcassets"; sourceTree = "<group>"; };
		5372475A04EF129A1D6AFA85 /* GoogleService-Info.plist */ = {isa = PBXFileReference; fileEncoding = 4; lastKnownFileType = text.plist.info; path = "GoogleService-Info.plist"; sourceTree = "<group>"; };
		5372478F2E1B4F09ECB5FEF6 /* waldlaeuferApp.swift */ = {isa = PBXFileReference; fileEncoding = 4; lastKnownFileType = sourcecode.swift; path = waldlaeuferApp.swift; sourceTree = "<group>"; };
		53724A10BC603E14CD270E8B /* HeatmapViewModel.swift */ = {isa = PBXFileReference; fileEncoding = 4; lastKnownFileType = sourcecode.swift; path = HeatmapViewModel.swift; sourceTree = "<group>"; };
		53724A11844688FF11E72D9C /* AddButtonView.swift */ = {isa = PBXFileReference; fileEncoding = 4; lastKnownFileType = sourcecode.swift; path = AddButtonView.swift; sourceTree = "<group>"; };
		53724A71D5FE66313A12895D /* DetailRowView.swift */ = {isa = PBXFileReference; fileEncoding = 4; lastKnownFileType = sourcecode.swift; path = DetailRowView.swift; sourceTree = "<group>"; };
		53724ADC67D61BDC532C99B8 /* Assets.xcassets */ = {isa = PBXFileReference; lastKnownFileType = folder.assetcatalog; path = Assets.xcassets; sourceTree = "<group>"; };
		53724BDCC5919243C4C71467 /* LocationDataForCreation.swift */ = {isa = PBXFileReference; fileEncoding = 4; lastKnownFileType = sourcecode.swift; path = LocationDataForCreation.swift; sourceTree = "<group>"; };
		53724D8D5611B3EBDBB293E0 /* waldlaeufer.app */ = {isa = PBXFileReference; explicitFileType = wrapper.application; includeInIndex = 0; path = waldlaeufer.app; sourceTree = BUILT_PRODUCTS_DIR; };
		53724F9997FFC96CACF2335E /* SoundRecorderView.swift */ = {isa = PBXFileReference; fileEncoding = 4; lastKnownFileType = sourcecode.swift; path = SoundRecorderView.swift; sourceTree = "<group>"; };
		56AF5043742A36F0859A3C10 /* LocationData.swift */ = {isa = PBXFileReference; fileEncoding = 4; lastKnownFileType = sourcecode.swift; path = LocationData.swift; sourceTree = "<group>"; };
		56AF50D85A277782BD4E8A7E /* LocationDataDetailViewModel.swift */ = {isa = PBXFileReference; fileEncoding = 4; lastKnownFileType = sourcecode.swift; path = LocationDataDetailViewModel.swift; sourceTree = "<group>"; };
		56AF51DE9196091000651FFF /* LocationDataDetailView.swift */ = {isa = PBXFileReference; fileEncoding = 4; lastKnownFileType = sourcecode.swift; path = LocationDataDetailView.swift; sourceTree = "<group>"; };
		56AF5438E424A2AB8A1B60CB /* Tag.swift */ = {isa = PBXFileReference; fileEncoding = 4; lastKnownFileType = sourcecode.swift; path = Tag.swift; sourceTree = "<group>"; };
		56AF559886930C9421FF4D21 /* SoundRecorderViewModel.swift */ = {isa = PBXFileReference; fileEncoding = 4; lastKnownFileType = sourcecode.swift; path = SoundRecorderViewModel.swift; sourceTree = "<group>"; };
		56AF5627A13D0BA44C1BD3C7 /* EditTagViewModel.swift */ = {isa = PBXFileReference; fileEncoding = 4; lastKnownFileType = sourcecode.swift; path = EditTagViewModel.swift; sourceTree = "<group>"; };
		56AF5786B819CFE35EE01914 /* SubjectiveWellbeing.swift */ = {isa = PBXFileReference; fileEncoding = 4; lastKnownFileType = sourcecode.swift; path = SubjectiveWellbeing.swift; sourceTree = "<group>"; };
		56AF5E13653AD33E31807F7C /* AddLocationDataView.swift */ = {isa = PBXFileReference; fileEncoding = 4; lastKnownFileType = sourcecode.swift; path = AddLocationDataView.swift; sourceTree = "<group>"; };
		80D9F64C295DFD8F00BB988F /* Info.plist */ = {isa = PBXFileReference; lastKnownFileType = text.plist; path = Info.plist; sourceTree = "<group>"; };
/* End PBXFileReference section */

/* Begin PBXFrameworksBuildPhase section */
		537240C5761C89ED230A1DF6 /* Frameworks */ = {
			isa = PBXFrameworksBuildPhase;
			buildActionMask = 2147483647;
			files = (
				22CEF8A029647E4B009AA1FC /* Logging in Frameworks */,
				22CEF89B29646E46009AA1FC /* GeoFire in Frameworks */,
				22CEF895296312C3009AA1FC /* FirebaseFirestore in Frameworks */,
				224567A0295DD0E500983556 /* FirebaseFirestoreSwift in Frameworks */,
				22CEF898296313C7009AA1FC /* SwiftUIFlowLayout in Frameworks */,
				22CEF89D29646E46009AA1FC /* GeoFireUtils in Frameworks */,
			);
			runOnlyForDeploymentPostprocessing = 0;
		};
/* End PBXFrameworksBuildPhase section */

/* Begin PBXGroup section */
		537242DD82127CA61AF1C66D /* ViewModels */ = {
			isa = PBXGroup;
			children = (
				53724A10BC603E14CD270E8B /* HeatmapViewModel.swift */,
				56AF559886930C9421FF4D21 /* SoundRecorderViewModel.swift */,
				537240EA9CC5CB00200C055C /* AddLocationDataViewModel.swift */,
				56AF5627A13D0BA44C1BD3C7 /* EditTagViewModel.swift */,
				56AF50D85A277782BD4E8A7E /* LocationDataDetailViewModel.swift */,
			);
			path = ViewModels;
			sourceTree = "<group>";
		};
		5372455D161FBCF4433EB97B /* Products */ = {
			isa = PBXGroup;
			children = (
				53724D8D5611B3EBDBB293E0 /* waldlaeufer.app */,
			);
			name = Products;
			sourceTree = "<group>";
		};
		5372457C6977D47A5BB9D6A9 /* waldlaeufer */ = {
			isa = PBXGroup;
			children = (
				80D9F64C295DFD8F00BB988F /* Info.plist */,
				53724EE8811C11FBDBF03918 /* Preview Content */,
				537242DD82127CA61AF1C66D /* ViewModels */,
				5372475A04EF129A1D6AFA85 /* GoogleService-Info.plist */,
				56AF56B7F2C036C43CA4507F /* Views */,
				56AF5F0B59F84AFCDDCEE360 /* Models */,
				537249A694DF446DC7721BF6 /* Mappers */,
				53724FD77423A2F4FAFB2BFE /* Resources */,
				53724964BB091CAD3D6A8FC6 /* App */,
			);
			path = waldlaeufer;
			sourceTree = "<group>";
		};
		53724964BB091CAD3D6A8FC6 /* App */ = {
			isa = PBXGroup;
			children = (
				5372478F2E1B4F09ECB5FEF6 /* waldlaeuferApp.swift */,
			);
			path = App;
			sourceTree = "<group>";
		};
		537249A694DF446DC7721BF6 /* Mappers */ = {
			isa = PBXGroup;
			children = (
				5372433EF5E18D5D7D9B1546 /* Mappers.swift */,
			);
			path = Mappers;
			sourceTree = "<group>";
		};
		53724A84A9343CB8082ED806 = {
			isa = PBXGroup;
			children = (
				5372455D161FBCF4433EB97B /* Products */,
				5372457C6977D47A5BB9D6A9 /* waldlaeufer */,
				537241E5024F2579561EC697 /* .gitignore */,
			);
			sourceTree = "<group>";
		};
		53724EE8811C11FBDBF03918 /* Preview Content */ = {
			isa = PBXGroup;
			children = (
				53724505F1C17E04E86B6C53 /* Preview Assets.xcassets */,
			);
			path = "Preview Content";
			sourceTree = "<group>";
		};
		53724FD77423A2F4FAFB2BFE /* Resources */ = {
			isa = PBXGroup;
			children = (
				53724ADC67D61BDC532C99B8 /* Assets.xcassets */,
			);
			path = Resources;
			sourceTree = "<group>";
		};
		56AF56B7F2C036C43CA4507F /* Views */ = {
			isa = PBXGroup;
			children = (
				56AF5E13653AD33E31807F7C /* AddLocationDataView.swift */,
				56AF51DE9196091000651FFF /* LocationDataDetailView.swift */,
				537240766F5C207C9E3A5177 /* HeatmapView.swift */,
				53724F9997FFC96CACF2335E /* SoundRecorderView.swift */,
				537244102C95045C560B7687 /* SoundbarView.swift */,
				537241350211CEAB4FE7D6FC /* EditTagView.swift */,
				53724A11844688FF11E72D9C /* AddButtonView.swift */,
				53724A71D5FE66313A12895D /* DetailRowView.swift */,
			);
			path = Views;
			sourceTree = "<group>";
		};
		56AF5F0B59F84AFCDDCEE360 /* Models */ = {
			isa = PBXGroup;
			children = (
				56AF5043742A36F0859A3C10 /* LocationData.swift */,
				56AF5786B819CFE35EE01914 /* SubjectiveWellbeing.swift */,
				53724BDCC5919243C4C71467 /* LocationDataForCreation.swift */,
				56AF5438E424A2AB8A1B60CB /* Tag.swift */,
			);
			path = Models;
			sourceTree = "<group>";
		};
/* End PBXGroup section */

/* Begin PBXNativeTarget section */
		53724B4599255DFC36B8030F /* waldlaeufer */ = {
			isa = PBXNativeTarget;
			buildConfigurationList = 53724DDD9C3582F0492B0A60 /* Build configuration list for PBXNativeTarget "waldlaeufer" */;
			buildPhases = (
				5372477550A16F994B9FB054 /* Sources */,
				537240C5761C89ED230A1DF6 /* Frameworks */,
				537240102DF32D10E4A160C4 /* Resources */,
			);
			buildRules = (
			);
			dependencies = (
			);
			name = waldlaeufer;
			packageProductDependencies = (
				2245679D295DD0E500983556 /* FirebaseFirestore */,
				2245679F295DD0E500983556 /* FirebaseFirestoreSwift */,
				22CEF897296313C7009AA1FC /* SwiftUIFlowLayout */,
				22CEF89A29646E46009AA1FC /* GeoFire */,
				22CEF89C29646E46009AA1FC /* GeoFireUtils */,
				22CEF89F29647E4B009AA1FC /* Logging */,
			);
			productName = waldlaeufer;
			productReference = 53724D8D5611B3EBDBB293E0 /* waldlaeufer.app */;
			productType = "com.apple.product-type.application";
		};
/* End PBXNativeTarget section */

/* Begin PBXProject section */
		53724AC2BCC886381EADD08E /* Project object */ = {
			isa = PBXProject;
			attributes = {
				LastUpgradeCheck = 1410;
			};
			buildConfigurationList = 537248D57B4D746ACC471074 /* Build configuration list for PBXProject "waldlaeufer" */;
			compatibilityVersion = "Xcode 3.2";
			developmentRegion = English;
			hasScannedForEncodings = 0;
			knownRegions = (
				English,
				en,
			);
			mainGroup = 53724A84A9343CB8082ED806;
			packageReferences = (
				2245679C295DD0E500983556 /* XCRemoteSwiftPackageReference "firebase-ios-sdk" */,
				22CEF896296313C7009AA1FC /* XCRemoteSwiftPackageReference "swiftui-flow-layout" */,
				22CEF89929646E46009AA1FC /* XCRemoteSwiftPackageReference "geofire-objc" */,
				22CEF89E29647E4B009AA1FC /* XCRemoteSwiftPackageReference "swift-log" */,
			);
			productRefGroup = 5372455D161FBCF4433EB97B /* Products */;
			projectDirPath = "";
			projectRoot = "";
			targets = (
				53724B4599255DFC36B8030F /* waldlaeufer */,
			);
		};
/* End PBXProject section */

/* Begin PBXResourcesBuildPhase section */
		537240102DF32D10E4A160C4 /* Resources */ = {
			isa = PBXResourcesBuildPhase;
			buildActionMask = 2147483647;
			files = (
				53724126042CEB9E8796C2CE /* Preview Assets.xcassets in Resources */,
				537240A0D84AC1C40ADDEADA /* GoogleService-Info.plist in Resources */,
				53724ACEA1B42A9C5CB851A5 /* Assets.xcassets in Resources */,
			);
			runOnlyForDeploymentPostprocessing = 0;
		};
/* End PBXResourcesBuildPhase section */

/* Begin PBXSourcesBuildPhase section */
		5372477550A16F994B9FB054 /* Sources */ = {
			isa = PBXSourcesBuildPhase;
			buildActionMask = 2147483647;
			files = (
				5372419021C027CFA3342A05 /* HeatmapViewModel.swift in Sources */,
				56AF5ABC738BDC4559D068D3 /* AddLocationDataView.swift in Sources */,
				56AF5EA614766B5BD0F89AD9 /* LocationData.swift in Sources */,
				56AF5C1DA0E10321132983B9 /* SubjectiveWellbeing.swift in Sources */,
				537249C9DCEF3547C15531BB /* Mappers.swift in Sources */,
				56AF50455E13CC169DD84C71 /* LocationDataDetailView.swift in Sources */,
				56AF55A071AC6E136B647AD9 /* SoundRecorderViewModel.swift in Sources */,
				53724F429537567924213471 /* HeatmapView.swift in Sources */,
				53724BBAEE206B1304033FDB /* SoundRecorderView.swift in Sources */,
				53724F3FF3E966D864267F3A /* SoundbarView.swift in Sources */,
				53724E69037D619D897D4E6B /* EditTagView.swift in Sources */,
				53724D6F484D8AC1C3549BC1 /* AddButtonView.swift in Sources */,
				53724103513204CB73329F0F /* DetailRowView.swift in Sources */,
				537246ADEF41AFD32A12D62D /* LocationDataForCreation.swift in Sources */,
				537241304D335AACA6DBAA57 /* AddLocationDataViewModel.swift in Sources */,
				53724E3913DFCC14E9C00383 /* waldlaeuferApp.swift in Sources */,
				56AF5B14EB05DFF8A01BC48B /* EditTagViewModel.swift in Sources */,
				56AF54B8F02AB37F0D723F4D /* Tag.swift in Sources */,
				56AF5FD06E3614098743BF83 /* LocationDataDetailViewModel.swift in Sources */,
			);
			runOnlyForDeploymentPostprocessing = 0;
		};
/* End PBXSourcesBuildPhase section */

/* Begin XCBuildConfiguration section */
		53724007FCC7937353ED5B37 /* Debug */ = {
			isa = XCBuildConfiguration;
			buildSettings = {
				ALWAYS_SEARCH_USER_PATHS = NO;
				CLANG_ANALYZER_LOCALIZABILITY_NONLOCALIZED = YES;
				CLANG_ANALYZER_NONNULL = YES;
				CLANG_ANALYZER_NUMBER_OBJECT_CONVERSION = YES_AGGRESSIVE;
				CLANG_CXX_LANGUAGE_STANDARD = "gnu++20";
				CLANG_ENABLE_MODULES = YES;
				CLANG_ENABLE_OBJC_ARC = YES;
				CLANG_ENABLE_OBJC_WEAK = YES;
				CLANG_WARN_BLOCK_CAPTURE_AUTORELEASING = YES;
				CLANG_WARN_BOOL_CONVERSION = YES;
				CLANG_WARN_COMMA = YES;
				CLANG_WARN_CONSTANT_CONVERSION = YES;
				CLANG_WARN_DEPRECATED_OBJC_IMPLEMENTATIONS = YES;
				CLANG_WARN_DIRECT_OBJC_ISA_USAGE = YES_ERROR;
				CLANG_WARN_DOCUMENTATION_COMMENTS = YES;
				CLANG_WARN_EMPTY_BODY = YES;
				CLANG_WARN_ENUM_CONVERSION = YES;
				CLANG_WARN_INFINITE_RECURSION = YES;
				CLANG_WARN_INT_CONVERSION = YES;
				CLANG_WARN_NON_LITERAL_NULL_CONVERSION = YES;
				CLANG_WARN_OBJC_IMPLICIT_RETAIN_SELF = YES;
				CLANG_WARN_OBJC_LITERAL_CONVERSION = YES;
				CLANG_WARN_OBJC_ROOT_CLASS = YES_ERROR;
				CLANG_WARN_QUOTED_INCLUDE_IN_FRAMEWORK_HEADER = YES;
				CLANG_WARN_RANGE_LOOP_ANALYSIS = YES;
				CLANG_WARN_STRICT_PROTOTYPES = YES;
				CLANG_WARN_SUSPICIOUS_MOVE = YES;
				CLANG_WARN_UNGUARDED_AVAILABILITY = YES_AGGRESSIVE;
				CLANG_WARN_UNREACHABLE_CODE = YES;
				CLANG_WARN__DUPLICATE_METHOD_MATCH = YES;
				COPY_PHASE_STRIP = NO;
				DEBUG_INFORMATION_FORMAT = dwarf;
				ENABLE_STRICT_OBJC_MSGSEND = YES;
				ENABLE_TESTABILITY = YES;
				GCC_C_LANGUAGE_STANDARD = gnu11;
				GCC_DYNAMIC_NO_PIC = NO;
				GCC_NO_COMMON_BLOCKS = YES;
				GCC_OPTIMIZATION_LEVEL = 0;
				GCC_PREPROCESSOR_DEFINITIONS = (
					"DEBUG=1",
					"$(inherited)",
				);
				GCC_WARN_64_TO_32_BIT_CONVERSION = YES;
				GCC_WARN_ABOUT_RETURN_TYPE = YES_ERROR;
				GCC_WARN_UNDECLARED_SELECTOR = YES;
				GCC_WARN_UNINITIALIZED_AUTOS = YES_AGGRESSIVE;
				GCC_WARN_UNUSED_FUNCTION = YES;
				GCC_WARN_UNUSED_VARIABLE = YES;
				IPHONEOS_DEPLOYMENT_TARGET = 16.1;
				MTL_ENABLE_DEBUG_INFO = INCLUDE_SOURCE;
				MTL_FAST_MATH = YES;
				ONLY_ACTIVE_ARCH = YES;
				SDKROOT = iphoneos;
				SWIFT_ACTIVE_COMPILATION_CONDITIONS = DEBUG;
				SWIFT_OPTIMIZATION_LEVEL = "-Onone";
			};
			name = Debug;
		};
		537245CF20BB2F81E9DE57B8 /* Release */ = {
			isa = XCBuildConfiguration;
			buildSettings = {
				ASSETCATALOG_COMPILER_APPICON_NAME = AppIcon;
				ASSETCATALOG_COMPILER_GLOBAL_ACCENT_COLOR_NAME = AccentColor;
				CURRENT_PROJECT_VERSION = 1;
				DEVELOPMENT_ASSET_PATHS = "\"waldlaeufer/Preview Content\"";
				ENABLE_PREVIEWS = YES;
				ENABLE_USER_SCRIPT_SANDBOXING = NO;
				GENERATE_INFOPLIST_FILE = YES;
				INFOPLIST_FILE = waldlaeufer/Info.plist;
				INFOPLIST_KEY_NSLocationAlwaysAndWhenInUseUsageDescription = "We need access to your location to provide you with information in your current location.";
				INFOPLIST_KEY_NSLocationWhenInUseUsageDescription = "We need access to your location to provide you with information in your current location.";
				INFOPLIST_KEY_UIApplicationSceneManifest_Generation = YES;
				INFOPLIST_KEY_UIApplicationSupportsIndirectInputEvents = YES;
				INFOPLIST_KEY_UILaunchScreen_Generation = YES;
				INFOPLIST_KEY_UISupportedInterfaceOrientations_iPad = "UIInterfaceOrientationPortrait UIInterfaceOrientationPortraitUpsideDown UIInterfaceOrientationLandscapeLeft UIInterfaceOrientationLandscapeRight";
				INFOPLIST_KEY_UISupportedInterfaceOrientations_iPhone = "UIInterfaceOrientationPortrait UIInterfaceOrientationLandscapeLeft UIInterfaceOrientationLandscapeRight";
				LD_RUNPATH_SEARCH_PATHS = (
					"$(inherited)",
					"@executable_path/Frameworks",
				);
				MARKETING_VERSION = 1.0;
				PRODUCT_BUNDLE_IDENTIFIER = at.fhooe.waldlaeufer;
				PRODUCT_NAME = "$(TARGET_NAME)";
				SWIFT_EMIT_LOC_STRINGS = YES;
				SWIFT_VERSION = 5.0;
				TARGETED_DEVICE_FAMILY = "1,2";
			};
			name = Release;
		};
		53724AA9386ED74D65C75518 /* Release */ = {
			isa = XCBuildConfiguration;
			buildSettings = {
				ALWAYS_SEARCH_USER_PATHS = NO;
				CLANG_ANALYZER_LOCALIZABILITY_NONLOCALIZED = YES;
				CLANG_ANALYZER_NONNULL = YES;
				CLANG_ANALYZER_NUMBER_OBJECT_CONVERSION = YES_AGGRESSIVE;
				CLANG_CXX_LANGUAGE_STANDARD = "gnu++20";
				CLANG_ENABLE_MODULES = YES;
				CLANG_ENABLE_OBJC_ARC = YES;
				CLANG_ENABLE_OBJC_WEAK = YES;
				CLANG_WARN_BLOCK_CAPTURE_AUTORELEASING = YES;
				CLANG_WARN_BOOL_CONVERSION = YES;
				CLANG_WARN_COMMA = YES;
				CLANG_WARN_CONSTANT_CONVERSION = YES;
				CLANG_WARN_DEPRECATED_OBJC_IMPLEMENTATIONS = YES;
				CLANG_WARN_DIRECT_OBJC_ISA_USAGE = YES_ERROR;
				CLANG_WARN_DOCUMENTATION_COMMENTS = YES;
				CLANG_WARN_EMPTY_BODY = YES;
				CLANG_WARN_ENUM_CONVERSION = YES;
				CLANG_WARN_INFINITE_RECURSION = YES;
				CLANG_WARN_INT_CONVERSION = YES;
				CLANG_WARN_NON_LITERAL_NULL_CONVERSION = YES;
				CLANG_WARN_OBJC_IMPLICIT_RETAIN_SELF = YES;
				CLANG_WARN_OBJC_LITERAL_CONVERSION = YES;
				CLANG_WARN_OBJC_ROOT_CLASS = YES_ERROR;
				CLANG_WARN_QUOTED_INCLUDE_IN_FRAMEWORK_HEADER = YES;
				CLANG_WARN_RANGE_LOOP_ANALYSIS = YES;
				CLANG_WARN_STRICT_PROTOTYPES = YES;
				CLANG_WARN_SUSPICIOUS_MOVE = YES;
				CLANG_WARN_UNGUARDED_AVAILABILITY = YES_AGGRESSIVE;
				CLANG_WARN_UNREACHABLE_CODE = YES;
				CLANG_WARN__DUPLICATE_METHOD_MATCH = YES;
				COPY_PHASE_STRIP = NO;
				DEBUG_INFORMATION_FORMAT = "dwarf-with-dsym";
				ENABLE_NS_ASSERTIONS = NO;
				ENABLE_STRICT_OBJC_MSGSEND = YES;
				GCC_C_LANGUAGE_STANDARD = gnu11;
				GCC_NO_COMMON_BLOCKS = YES;
				GCC_WARN_64_TO_32_BIT_CONVERSION = YES;
				GCC_WARN_ABOUT_RETURN_TYPE = YES_ERROR;
				GCC_WARN_UNDECLARED_SELECTOR = YES;
				GCC_WARN_UNINITIALIZED_AUTOS = YES_AGGRESSIVE;
				GCC_WARN_UNUSED_FUNCTION = YES;
				GCC_WARN_UNUSED_VARIABLE = YES;
				IPHONEOS_DEPLOYMENT_TARGET = 16.1;
				MTL_ENABLE_DEBUG_INFO = NO;
				MTL_FAST_MATH = YES;
				SDKROOT = iphoneos;
				SWIFT_COMPILATION_MODE = wholemodule;
				SWIFT_OPTIMIZATION_LEVEL = "-O";
				VALIDATE_PRODUCT = YES;
			};
			name = Release;
		};
		53724BA1A895C8C880CDE0B1 /* Debug */ = {
			isa = XCBuildConfiguration;
			buildSettings = {
				ASSETCATALOG_COMPILER_APPICON_NAME = AppIcon;
				ASSETCATALOG_COMPILER_GLOBAL_ACCENT_COLOR_NAME = AccentColor;
				CURRENT_PROJECT_VERSION = 1;
				DEVELOPMENT_ASSET_PATHS = "\"waldlaeufer/Preview Content\"";
				ENABLE_PREVIEWS = YES;
				ENABLE_USER_SCRIPT_SANDBOXING = NO;
				GENERATE_INFOPLIST_FILE = YES;
				INFOPLIST_FILE = waldlaeufer/Info.plist;
				INFOPLIST_KEY_NSLocationAlwaysAndWhenInUseUsageDescription = "We need access to your location to provide you with information in your current location.";
				INFOPLIST_KEY_NSLocationWhenInUseUsageDescription = "We need access to your location to provide you with information in your current location.";
				INFOPLIST_KEY_UIApplicationSceneManifest_Generation = YES;
				INFOPLIST_KEY_UIApplicationSupportsIndirectInputEvents = YES;
				INFOPLIST_KEY_UILaunchScreen_Generation = YES;
				INFOPLIST_KEY_UISupportedInterfaceOrientations_iPad = "UIInterfaceOrientationPortrait UIInterfaceOrientationPortraitUpsideDown UIInterfaceOrientationLandscapeLeft UIInterfaceOrientationLandscapeRight";
				INFOPLIST_KEY_UISupportedInterfaceOrientations_iPhone = "UIInterfaceOrientationPortrait UIInterfaceOrientationLandscapeLeft UIInterfaceOrientationLandscapeRight";
				LD_RUNPATH_SEARCH_PATHS = (
					"$(inherited)",
					"@executable_path/Frameworks",
				);
				MARKETING_VERSION = 1.0;
				PRODUCT_BUNDLE_IDENTIFIER = at.fhooe.waldlaeufer;
				PRODUCT_NAME = "$(TARGET_NAME)";
				SWIFT_EMIT_LOC_STRINGS = YES;
				SWIFT_VERSION = 5.0;
				TARGETED_DEVICE_FAMILY = "1,2";
			};
			name = Debug;
		};
/* End XCBuildConfiguration section */

/* Begin XCConfigurationList section */
		537248D57B4D746ACC471074 /* Build configuration list for PBXProject "waldlaeufer" */ = {
			isa = XCConfigurationList;
			buildConfigurations = (
				53724007FCC7937353ED5B37 /* Debug */,
				53724AA9386ED74D65C75518 /* Release */,
			);
			defaultConfigurationIsVisible = 0;
			defaultConfigurationName = Release;
		};
		53724DDD9C3582F0492B0A60 /* Build configuration list for PBXNativeTarget "waldlaeufer" */ = {
			isa = XCConfigurationList;
			buildConfigurations = (
				53724BA1A895C8C880CDE0B1 /* Debug */,
				537245CF20BB2F81E9DE57B8 /* Release */,
			);
			defaultConfigurationIsVisible = 0;
			defaultConfigurationName = Release;
		};
/* End XCConfigurationList section */

/* Begin XCRemoteSwiftPackageReference section */
		2245679C295DD0E500983556 /* XCRemoteSwiftPackageReference "firebase-ios-sdk" */ = {
			isa = XCRemoteSwiftPackageReference;
			repositoryURL = "https://github.com/firebase/firebase-ios-sdk";
			requirement = {
				branch = master;
				kind = branch;
			};
		};
		22CEF896296313C7009AA1FC /* XCRemoteSwiftPackageReference "swiftui-flow-layout" */ = {
			isa = XCRemoteSwiftPackageReference;
			repositoryURL = "https://github.com/globulus/swiftui-flow-layout";
			requirement = {
				kind = upToNextMajorVersion;
				minimumVersion = 1.0.0;
			};
		};
		22CEF89929646E46009AA1FC /* XCRemoteSwiftPackageReference "geofire-objc" */ = {
			isa = XCRemoteSwiftPackageReference;
			repositoryURL = "https://github.com/firebase/geofire-objc";
			requirement = {
				branch = master;
				kind = branch;
			};
		};
		22CEF89E29647E4B009AA1FC /* XCRemoteSwiftPackageReference "swift-log" */ = {
			isa = XCRemoteSwiftPackageReference;
			repositoryURL = "https://github.com/apple/swift-log.git";
			requirement = {
				kind = upToNextMajorVersion;
				minimumVersion = 1.0.0;
			};
		};
/* End XCRemoteSwiftPackageReference section */

/* Begin XCSwiftPackageProductDependency section */
		2245679D295DD0E500983556 /* FirebaseFirestore */ = {
			isa = XCSwiftPackageProductDependency;
			package = 2245679C295DD0E500983556 /* XCRemoteSwiftPackageReference "firebase-ios-sdk" */;
			productName = FirebaseFirestore;
		};
		2245679F295DD0E500983556 /* FirebaseFirestoreSwift */ = {
			isa = XCSwiftPackageProductDependency;
			package = 2245679C295DD0E500983556 /* XCRemoteSwiftPackageReference "firebase-ios-sdk" */;
			productName = FirebaseFirestoreSwift;
		};
		22CEF897296313C7009AA1FC /* SwiftUIFlowLayout */ = {
			isa = XCSwiftPackageProductDependency;
			package = 22CEF896296313C7009AA1FC /* XCRemoteSwiftPackageReference "swiftui-flow-layout" */;
			productName = SwiftUIFlowLayout;
		};
		22CEF89A29646E46009AA1FC /* GeoFire */ = {
			isa = XCSwiftPackageProductDependency;
			package = 22CEF89929646E46009AA1FC /* XCRemoteSwiftPackageReference "geofire-objc" */;
			productName = GeoFire;
		};
		22CEF89C29646E46009AA1FC /* GeoFireUtils */ = {
			isa = XCSwiftPackageProductDependency;
			package = 22CEF89929646E46009AA1FC /* XCRemoteSwiftPackageReference "geofire-objc" */;
			productName = GeoFireUtils;
		};
		22CEF89F29647E4B009AA1FC /* Logging */ = {
			isa = XCSwiftPackageProductDependency;
			package = 22CEF89E29647E4B009AA1FC /* XCRemoteSwiftPackageReference "swift-log" */;
			productName = Logging;
		};
/* End XCSwiftPackageProductDependency section */
	};
	rootObject = 53724AC2BCC886381EADD08E /* Project object */;
}
